
Microsoft Visual Studio Solution File, Format Version 12.00
# Visual Studio Version 16
VisualStudioVersion = 16.0.29306.81
MinimumVisualStudioVersion = 10.0.40219.1
Project("{FAE04EC0-301F-11D3-BF4B-00C04F79EFBC}") = "Ofuscator", "Ofuscator\Ofuscator.csproj", "{7B93EB83-64A7-4FE5-8E19-37EEABF1322F}"
EndProject
Project("{FAE04EC0-301F-11D3-BF4B-00C04F79EFBC}") = "NUnitOfuscatorTests", "NUnitOfuscatorTests\NUnitOfuscatorTests.csproj", "{49929D91-7CA6-4A91-BCAD-3F06EDD08C72}"
EndProject
Global
	GlobalSection(SolutionConfigurationPlatforms) = preSolution
		Debug|Any CPU = Debug|Any CPU
		Release|Any CPU = Release|Any CPU
	EndGlobalSection
	GlobalSection(ProjectConfigurationPlatforms) = postSolution
		{7B93EB83-64A7-4FE5-8E19-37EEABF1322F}.Debug|Any CPU.ActiveCfg = Debug|Any CPU
		{7B93EB83-64A7-4FE5-8E19-37EEABF1322F}.Debug|Any CPU.Build.0 = Debug|Any CPU
		{7B93EB83-64A7-4FE5-8E19-37EEABF1322F}.Release|Any CPU.ActiveCfg = Release|Any CPU
		{7B93EB83-64A7-4FE5-8E19-37EEABF1322F}.Release|Any CPU.Build.0 = Release|Any CPU
		{49929D91-7CA6-4A91-BCAD-3F06EDD08C72}.Debug|Any CPU.ActiveCfg = Debug|Any CPU
		{49929D91-7CA6-4A91-BCAD-3F06EDD08C72}.Debug|Any CPU.Build.0 = Debug|Any CPU
		{49929D91-7CA6-4A91-BCAD-3F06EDD08C72}.Release|Any CPU.ActiveCfg = Release|Any CPU
		{49929D91-7CA6-4A91-BCAD-3F06EDD08C72}.Release|Any CPU.Build.0 = Release|Any CPU
	EndGlobalSection
	GlobalSection(SolutionProperties) = preSolution
		HideSolutionNode = FALSE
	EndGlobalSection
	GlobalSection(ExtensibilityGlobals) = postSolution
		SolutionGuid = {9FE205E1-1C5B-493A-964A-B44959F7E9C5}
	EndGlobalSection
EndGlobal
